
Microsoft Visual Studio Solution File, Format Version 12.00
# Visual Studio Version 17
VisualStudioVersion = 17.7.34302.85
MinimumVisualStudioVersion = 10.0.40219.1
Project("{FAE04EC0-301F-11D3-BF4B-00C04F79EFBC}") = "L47_war", "L47_war.csproj", "{62591DCC-8605-4FFD-BD2E-FD0DC3270BAF}"
EndProject
Global
	GlobalSection(SolutionConfigurationPlatforms) = preSolution
		Debug|Any CPU = Debug|Any CPU
		Release|Any CPU = Release|Any CPU
	EndGlobalSection
	GlobalSection(ProjectConfigurationPlatforms) = postSolution
		{62591DCC-8605-4FFD-BD2E-FD0DC3270BAF}.Debug|Any CPU.ActiveCfg = Debug|Any CPU
		{62591DCC-8605-4FFD-BD2E-FD0DC3270BAF}.Debug|Any CPU.Build.0 = Debug|Any CPU
		{62591DCC-8605-4FFD-BD2E-FD0DC3270BAF}.Release|Any CPU.ActiveCfg = Release|Any CPU
		{62591DCC-8605-4FFD-BD2E-FD0DC3270BAF}.Release|Any CPU.Build.0 = Release|Any CPU
	EndGlobalSection
	GlobalSection(SolutionProperties) = preSolution
		HideSolutionNode = FALSE
	EndGlobalSection
	GlobalSection(ExtensibilityGlobals) = postSolution
		SolutionGuid = {4362E695-9160-4C68-BE15-3E27152408F2}
	EndGlobalSection
EndGlobal
